// !$*UTF8*$!
{
	archiveVersion = 1;
	classes = {
	};
	objectVersion = 48;
	objects = {

/* Begin PBXBuildFile section */
		EC0632B21F986995007F2AAB /* mouse.wav in Resources */ = {isa = PBXBuildFile; fileRef = EC0632B11F98698B007F2AAB /* mouse.wav */; };
		EC0632B41F986C57007F2AAB /* alligator.wav in Resources */ = {isa = PBXBuildFile; fileRef = EC0632B31F986C50007F2AAB /* alligator.wav */; };
		EC0632B61F986D57007F2AAB /* donkey.wav in Resources */ = {isa = PBXBuildFile; fileRef = EC0632B51F986D50007F2AAB /* donkey.wav */; };
		EC0632B81F986F29007F2AAB /* hyena.wav in Resources */ = {isa = PBXBuildFile; fileRef = EC0632B71F986EEF007F2AAB /* hyena.wav */; };
		EC0632BA1F98703C007F2AAB /* pelican.wav in Resources */ = {isa = PBXBuildFile; fileRef = EC0632B91F98701B007F2AAB /* pelican.wav */; };
		EC072B0D1F832BEB00CDF5F0 /* items.plist in Resources */ = {isa = PBXBuildFile; fileRef = EC072B0C1F832BEB00CDF5F0 /* items.plist */; };
		EC072B0F1F834FF200CDF5F0 /* animals.json in Resources */ = {isa = PBXBuildFile; fileRef = EC072B0E1F834FF200CDF5F0 /* animals.json */; };
		EC0BE6D21FA57E6A00D99044 /* megalosaurus.wav in Resources */ = {isa = PBXBuildFile; fileRef = EC0BE6CB1FA57E6900D99044 /* megalosaurus.wav */; };
		EC0BE6D31FA57E6A00D99044 /* tyrannosaurus.wav in Resources */ = {isa = PBXBuildFile; fileRef = EC0BE6CC1FA57E6900D99044 /* tyrannosaurus.wav */; };
		EC0BE6D41FA57E6A00D99044 /* triceratops.wav in Resources */ = {isa = PBXBuildFile; fileRef = EC0BE6CD1FA57E6900D99044 /* triceratops.wav */; };
		EC0BE6D51FA57E6A00D99044 /* brachiosaurus.wav in Resources */ = {isa = PBXBuildFile; fileRef = EC0BE6CE1FA57E6900D99044 /* brachiosaurus.wav */; };
		EC0BE6D61FA57E6A00D99044 /* brontosaurus.wav in Resources */ = {isa = PBXBuildFile; fileRef = EC0BE6CF1FA57E6A00D99044 /* brontosaurus.wav */; };
		EC0BE6D71FA57E6A00D99044 /* velociraptor.wav in Resources */ = {isa = PBXBuildFile; fileRef = EC0BE6D01FA57E6A00D99044 /* velociraptor.wav */; };
		EC0BE6D81FA57E6A00D99044 /* allosaurus.wav in Resources */ = {isa = PBXBuildFile; fileRef = EC0BE6D11FA57E6A00D99044 /* allosaurus.wav */; };
		EC225A8A1F91730300AD0393 /* strings.hindi.json in Resources */ = {isa = PBXBuildFile; fileRef = EC225A891F9172EB00AD0393 /* strings.hindi.json */; };
		EC249E931F8DBE9200FCB306 /* TouchDownGestureRecognizer.swift in Sources */ = {isa = PBXBuildFile; fileRef = EC249E921F8DBE9200FCB306 /* TouchDownGestureRecognizer.swift */; };
		EC2A3A351F898AA700BF7922 /* alpaca.wav in Resources */ = {isa = PBXBuildFile; fileRef = EC2A3A341F898A9700BF7922 /* alpaca.wav */; };
		EC2AB2C81F8893A400CDBC41 /* Bee buzzing animals131.wav in Resources */ = {isa = PBXBuildFile; fileRef = EC2AB2BE1F888FA800CDBC41 /* Bee buzzing animals131.wav */; };
		EC2AB2C91F8893A400CDBC41 /* Capuchin monkey animals075.wav in Resources */ = {isa = PBXBuildFile; fileRef = EC2AB2B81F888FA700CDBC41 /* Capuchin monkey animals075.wav */; };
		EC2AB2CA1F8893A400CDBC41 /* Cat meow animals021.wav in Resources */ = {isa = PBXBuildFile; fileRef = EC2AB2C71F888FAC00CDBC41 /* Cat meow animals021.wav */; };
		EC2AB2CB1F8893A400CDBC41 /* Duck-quacking animals038.wav in Resources */ = {isa = PBXBuildFile; fileRef = EC2AB2C31F888FAA00CDBC41 /* Duck-quacking animals038.wav */; };
		EC2AB2CC1F8893A400CDBC41 /* Elephant-angry animals035.wav in Resources */ = {isa = PBXBuildFile; fileRef = EC2AB2C11F888FAA00CDBC41 /* Elephant-angry animals035.wav */; };
		EC2AB2CD1F8893A400CDBC41 /* Gorilla growl animals028.wav in Resources */ = {isa = PBXBuildFile; fileRef = EC2AB2BA1F888FA800CDBC41 /* Gorilla growl animals028.wav */; };
		EC2AB2CE1F8893A400CDBC41 /* Hawk animals083.wav in Resources */ = {isa = PBXBuildFile; fileRef = EC2AB2C01F888FA900CDBC41 /* Hawk animals083.wav */; };
		EC2AB2CF1F8893A400CDBC41 /* Leopard growl animals089.wav in Resources */ = {isa = PBXBuildFile; fileRef = EC2AB2C61F888FAB00CDBC41 /* Leopard growl animals089.wav */; };
		EC2AB2D01F8893A400CDBC41 /* Lion roar animals031.wav in Resources */ = {isa = PBXBuildFile; fileRef = EC2AB2BC1F888FA800CDBC41 /* Lion roar animals031.wav */; };
		EC2AB2D11F8893A400CDBC41 /* Peacock animals018.wav in Resources */ = {isa = PBXBuildFile; fileRef = EC2AB2C41F888FAA00CDBC41 /* Peacock animals018.wav */; };
		EC2AB2D21F8893A400CDBC41 /* Peacock animals019.wav in Resources */ = {isa = PBXBuildFile; fileRef = EC2AB2B71F888FA700CDBC41 /* Peacock animals019.wav */; };
		EC2AB2D31F8893A400CDBC41 /* porcupine.mp3 in Resources */ = {isa = PBXBuildFile; fileRef = EC2AB2BD1F888FA800CDBC41 /* porcupine.mp3 */; };
		EC2AB2D41F8893A400CDBC41 /* Rhinoceros animals134.wav in Resources */ = {isa = PBXBuildFile; fileRef = EC2AB2C21F888FAA00CDBC41 /* Rhinoceros animals134.wav */; };
		EC2AB2D51F8893A400CDBC41 /* Seagulls animals133.wav in Resources */ = {isa = PBXBuildFile; fileRef = EC2AB2B91F888FA700CDBC41 /* Seagulls animals133.wav */; };
		EC2AB2D61F8893A400CDBC41 /* Sheep - ewe animals112.wav in Resources */ = {isa = PBXBuildFile; fileRef = EC2AB2BB1F888FA800CDBC41 /* Sheep - ewe animals112.wav */; };
		EC2AB2D81F8893A400CDBC41 /* lion-01.wav in Resources */ = {isa = PBXBuildFile; fileRef = EC2AB2C51F888FAB00CDBC41 /* lion-01.wav */; };
		EC2CF4A81F8AE48300DDAF83 /* NumbersViewController.swift in Sources */ = {isa = PBXBuildFile; fileRef = EC2CF4A71F8AE48300DDAF83 /* NumbersViewController.swift */; };
		EC4C2FCD1F9C4601002EFAFC /* SpeechHelper.swift in Sources */ = {isa = PBXBuildFile; fileRef = EC4C2FCC1F9C4601002EFAFC /* SpeechHelper.swift */; };
		EC5B77781F831517003CB235 /* AppDelegate.swift in Sources */ = {isa = PBXBuildFile; fileRef = EC5B77771F831517003CB235 /* AppDelegate.swift */; };
		EC5B777A1F831517003CB235 /* ViewController.swift in Sources */ = {isa = PBXBuildFile; fileRef = EC5B77791F831517003CB235 /* ViewController.swift */; };
		EC5B777D1F831517003CB235 /* Main.storyboard in Resources */ = {isa = PBXBuildFile; fileRef = EC5B777B1F831517003CB235 /* Main.storyboard */; };
		EC5B777F1F831517003CB235 /* Assets.xcassets in Resources */ = {isa = PBXBuildFile; fileRef = EC5B777E1F831517003CB235 /* Assets.xcassets */; };
		EC5B77821F831517003CB235 /* LaunchScreen.storyboard in Resources */ = {isa = PBXBuildFile; fileRef = EC5B77801F831517003CB235 /* LaunchScreen.storyboard */; };
		EC5B778A1F831684003CB235 /* Gallery.swift in Sources */ = {isa = PBXBuildFile; fileRef = EC5B77891F831684003CB235 /* Gallery.swift */; };
		EC709C141F9C51510044F611 /* strings.chinese.json in Resources */ = {isa = PBXBuildFile; fileRef = EC709C131F9C50EC0044F611 /* strings.chinese.json */; };
		EC71AC4F1FA5912000D8C2B6 /* microraptor.wav in Resources */ = {isa = PBXBuildFile; fileRef = EC71AC4A1FA5912000D8C2B6 /* microraptor.wav */; };
		EC71AC501FA5912000D8C2B6 /* pachycephalosaurus.wav in Resources */ = {isa = PBXBuildFile; fileRef = EC71AC4B1FA5912000D8C2B6 /* pachycephalosaurus.wav */; };
		EC71AC511FA5912000D8C2B6 /* dilophosaurus.wav in Resources */ = {isa = PBXBuildFile; fileRef = EC71AC4C1FA5912000D8C2B6 /* dilophosaurus.wav */; };
		EC71AC521FA5912000D8C2B6 /* stegosaurus.wav in Resources */ = {isa = PBXBuildFile; fileRef = EC71AC4D1FA5912000D8C2B6 /* stegosaurus.wav */; };
		EC71AC531FA5912000D8C2B6 /* torosaurus.wav in Resources */ = {isa = PBXBuildFile; fileRef = EC71AC4E1FA5912000D8C2B6 /* torosaurus.wav */; };
		EC7A21FB1F92E1DE0062E04E /* ShapesViewController.swift in Sources */ = {isa = PBXBuildFile; fileRef = EC7A21FA1F92E1DE0062E04E /* ShapesViewController.swift */; };
		EC7A21FD1F92E3AC0062E04E /* shapes.json in Resources */ = {isa = PBXBuildFile; fileRef = EC7A21FC1F92E3A50062E04E /* shapes.json */; };
		EC7A21FF1F92E3D70062E04E /* DataItem.swift in Sources */ = {isa = PBXBuildFile; fileRef = EC7A21FE1F92E3D70062E04E /* DataItem.swift */; };
		EC876F051F96DAFD0062F967 /* rabbit.wav in Resources */ = {isa = PBXBuildFile; fileRef = EC876F031F96DA470062F967 /* rabbit.wav */; };
		EC876F061F96DAFD0062F967 /* squirrel.wav in Resources */ = {isa = PBXBuildFile; fileRef = EC876F041F96DA470062F967 /* squirrel.wav */; };
		EC876F081F96E01F0062F967 /* frog.wav in Resources */ = {isa = PBXBuildFile; fileRef = EC876F071F96E00F0062F967 /* frog.wav */; };
		EC9639DE1F92654900B6204D /* brown-bear.wav in Resources */ = {isa = PBXBuildFile; fileRef = EC9639DD1F92654100B6204D /* brown-bear.wav */; };
		ECA382C51F8F1AE000212BBA /* hippo.wav in Resources */ = {isa = PBXBuildFile; fileRef = ECA382C31F8F1ACD00212BBA /* hippo.wav */; };
		ECA382C71F8F1AE000212BBA /* whale.wav in Resources */ = {isa = PBXBuildFile; fileRef = ECA382BE1F8F1ACD00212BBA /* whale.wav */; };
		ECA382C91F8F1AE000212BBA /* zebra.wav in Resources */ = {isa = PBXBuildFile; fileRef = ECA382C01F8F1ACD00212BBA /* zebra.wav */; };
		ECA84D351F92EE6000803C67 /* Shape.swift in Sources */ = {isa = PBXBuildFile; fileRef = ECA84D341F92EE6000803C67 /* Shape.swift */; };
		ECA9EE821F942E0A00FAAE6C /* goat.wav in Resources */ = {isa = PBXBuildFile; fileRef = ECA9EE811F942D8200FAAE6C /* goat.wav */; };
		ECA9EE881F94326A00FAAE6C /* chipmunk.wav in Resources */ = {isa = PBXBuildFile; fileRef = ECA9EE851F94320800FAAE6C /* chipmunk.wav */; };
		ECA9EE891F94326A00FAAE6C /* giraffe.wav in Resources */ = {isa = PBXBuildFile; fileRef = ECA9EE861F94320800FAAE6C /* giraffe.wav */; };
		ECAD2F701FA03E9B005E7F27 /* LettersViewController.swift in Sources */ = {isa = PBXBuildFile; fileRef = ECAD2F6F1FA03E9B005E7F27 /* LettersViewController.swift */; };
		ECBAE2481F892CEC00D33CEF /* Bird chirps animals140.wav in Resources */ = {isa = PBXBuildFile; fileRef = ECBAE2461F892CC500D33CEF /* Bird chirps animals140.wav */; };
		ECBAE2491F892CEC00D33CEF /* Cow animals055.wav in Resources */ = {isa = PBXBuildFile; fileRef = ECBAE2471F892CC500D33CEF /* Cow animals055.wav */; };
		ECBAE24A1F892CEC00D33CEF /* Crow caw animals063.wav in Resources */ = {isa = PBXBuildFile; fileRef = ECBAE23E1F892CC400D33CEF /* Crow caw animals063.wav */; };
		ECBAE24B1F892CEC00D33CEF /* Dog animals080.wav in Resources */ = {isa = PBXBuildFile; fileRef = ECBAE2411F892CC400D33CEF /* Dog animals080.wav */; };
		ECBAE24C1F892CEC00D33CEF /* Geese (Canadian)-flockanimals003.wav in Resources */ = {isa = PBXBuildFile; fileRef = ECBAE2401F892CC400D33CEF /* Geese (Canadian)-flockanimals003.wav */; };
		ECBAE24D1F892CEC00D33CEF /* Horse whinny animals126.wav in Resources */ = {isa = PBXBuildFile; fileRef = ECBAE23D1F892CC400D33CEF /* Horse whinny animals126.wav */; };
		ECBAE24E1F892CEC00D33CEF /* owl animals074.wav in Resources */ = {isa = PBXBuildFile; fileRef = ECBAE23F1F892CC400D33CEF /* owl animals074.wav */; };
		ECBAE24F1F892CEC00D33CEF /* Pig squeal animals024.wav in Resources */ = {isa = PBXBuildFile; fileRef = ECBAE2451F892CC500D33CEF /* Pig squeal animals024.wav */; };
		ECBAE2501F892CEC00D33CEF /* porcupine.wav in Resources */ = {isa = PBXBuildFile; fileRef = ECBAE2431F892CC500D33CEF /* porcupine.wav */; };
		ECBAE2511F892CEC00D33CEF /* Rattlesnake  animals077.wav in Resources */ = {isa = PBXBuildFile; fileRef = ECBAE2421F892CC400D33CEF /* Rattlesnake  animals077.wav */; };
		ECBAE2521F892CEC00D33CEF /* Rooster animals070.wav in Resources */ = {isa = PBXBuildFile; fileRef = ECBAE2441F892CC500D33CEF /* Rooster animals070.wav */; };
		ECD59E781F9C48B50066F1DD /* strings.danish.json in Resources */ = {isa = PBXBuildFile; fileRef = ECD59E771F9C48AB0066F1DD /* strings.danish.json */; };
		ECD59E7A1F9C493E0066F1DD /* strings.spanish.json in Resources */ = {isa = PBXBuildFile; fileRef = ECD59E791F9C49350066F1DD /* strings.spanish.json */; };
		ECD59E7C1F9C4D060066F1DD /* strings.portuguese.json in Resources */ = {isa = PBXBuildFile; fileRef = ECD59E7B1F9C4CFF0066F1DD /* strings.portuguese.json */; };
		ECD74E951F9068EB00E012A0 /* Settings.bundle in Resources */ = {isa = PBXBuildFile; fileRef = ECD74E941F9068EB00E012A0 /* Settings.bundle */; };
		ECD74E971F906E7500E012A0 /* SettingsBundleHelper.swift in Sources */ = {isa = PBXBuildFile; fileRef = ECD74E961F906E7500E012A0 /* SettingsBundleHelper.swift */; };
		ECEBB67B1F9D9BC900CBDD06 /* IndexController.swift in Sources */ = {isa = PBXBuildFile; fileRef = ECEBB67A1F9D9BC900CBDD06 /* IndexController.swift */; };
		ECEBB67D1F9DA52E00CBDD06 /* AppHelper.swift in Sources */ = {isa = PBXBuildFile; fileRef = ECEBB67C1F9DA52E00CBDD06 /* AppHelper.swift */; };
		ECFA4A881F99B48D00165FDC /* chicken.wav in Resources */ = {isa = PBXBuildFile; fileRef = ECFA4A871F99B48000165FDC /* chicken.wav */; };
		ECFA4A891F99B48D00165FDC /* chimp.wav in Resources */ = {isa = PBXBuildFile; fileRef = ECFA4A841F99B48000165FDC /* chimp.wav */; };
		ECFA4A8A1F99B48D00165FDC /* penguin.wav in Resources */ = {isa = PBXBuildFile; fileRef = ECFA4A851F99B48000165FDC /* penguin.wav */; };
		ECFA4A8B1F99B48D00165FDC /* tiger.wav in Resources */ = {isa = PBXBuildFile; fileRef = ECFA4A861F99B48000165FDC /* tiger.wav */; };
		ECFD31AC1FA4EF5900C6618C /* DinoViewController.swift in Sources */ = {isa = PBXBuildFile; fileRef = ECFD31AB1FA4EF5900C6618C /* DinoViewController.swift */; };
		ECFD31AE1FA5254F00C6618C /* dino.json in Resources */ = {isa = PBXBuildFile; fileRef = ECFD31AD1FA5254F00C6618C /* dino.json */; };
		ECFD31B01FA5284300C6618C /* notes.txt in Resources */ = {isa = PBXBuildFile; fileRef = ECFD31AF1FA5284300C6618C /* notes.txt */; };
/* End PBXBuildFile section */

/* Begin PBXFileReference section */
		EC0632B11F98698B007F2AAB /* mouse.wav */ = {isa = PBXFileReference; lastKnownFileType = audio.wav; name = mouse.wav; path = media/mouse.wav; sourceTree = SOURCE_ROOT; };
		EC0632B31F986C50007F2AAB /* alligator.wav */ = {isa = PBXFileReference; lastKnownFileType = audio.wav; name = alligator.wav; path = media/alligator.wav; sourceTree = SOURCE_ROOT; };
		EC0632B51F986D50007F2AAB /* donkey.wav */ = {isa = PBXFileReference; lastKnownFileType = audio.wav; name = donkey.wav; path = media/donkey.wav; sourceTree = SOURCE_ROOT; };
		EC0632B71F986EEF007F2AAB /* hyena.wav */ = {isa = PBXFileReference; lastKnownFileType = audio.wav; name = hyena.wav; path = media/hyena.wav; sourceTree = SOURCE_ROOT; };
		EC0632B91F98701B007F2AAB /* pelican.wav */ = {isa = PBXFileReference; lastKnownFileType = audio.wav; name = pelican.wav; path = media/pelican.wav; sourceTree = SOURCE_ROOT; };
		EC072B0C1F832BEB00CDF5F0 /* items.plist */ = {isa = PBXFileReference; lastKnownFileType = text.plist.xml; path = items.plist; sourceTree = "<group>"; };
		EC072B0E1F834FF200CDF5F0 /* animals.json */ = {isa = PBXFileReference; lastKnownFileType = text.json; path = animals.json; sourceTree = "<group>"; };
		EC0BE6CB1FA57E6900D99044 /* megalosaurus.wav */ = {isa = PBXFileReference; lastKnownFileType = audio.wav; name = megalosaurus.wav; path = media/megalosaurus.wav; sourceTree = SOURCE_ROOT; };
		EC0BE6CC1FA57E6900D99044 /* tyrannosaurus.wav */ = {isa = PBXFileReference; lastKnownFileType = audio.wav; name = tyrannosaurus.wav; path = media/tyrannosaurus.wav; sourceTree = SOURCE_ROOT; };
		EC0BE6CD1FA57E6900D99044 /* triceratops.wav */ = {isa = PBXFileReference; lastKnownFileType = audio.wav; name = triceratops.wav; path = media/triceratops.wav; sourceTree = SOURCE_ROOT; };
		EC0BE6CE1FA57E6900D99044 /* brachiosaurus.wav */ = {isa = PBXFileReference; lastKnownFileType = audio.wav; name = brachiosaurus.wav; path = media/brachiosaurus.wav; sourceTree = SOURCE_ROOT; };
		EC0BE6CF1FA57E6A00D99044 /* brontosaurus.wav */ = {isa = PBXFileReference; lastKnownFileType = audio.wav; name = brontosaurus.wav; path = media/brontosaurus.wav; sourceTree = SOURCE_ROOT; };
		EC0BE6D01FA57E6A00D99044 /* velociraptor.wav */ = {isa = PBXFileReference; lastKnownFileType = audio.wav; name = velociraptor.wav; path = media/velociraptor.wav; sourceTree = SOURCE_ROOT; };
		EC0BE6D11FA57E6A00D99044 /* allosaurus.wav */ = {isa = PBXFileReference; lastKnownFileType = audio.wav; name = allosaurus.wav; path = media/allosaurus.wav; sourceTree = SOURCE_ROOT; };
		EC225A891F9172EB00AD0393 /* strings.hindi.json */ = {isa = PBXFileReference; lastKnownFileType = text.json; path = strings.hindi.json; sourceTree = "<group>"; };
		EC249E921F8DBE9200FCB306 /* TouchDownGestureRecognizer.swift */ = {isa = PBXFileReference; lastKnownFileType = sourcecode.swift; path = TouchDownGestureRecognizer.swift; sourceTree = "<group>"; };
		EC2747961F89DC1A004E63A7 /* Icon-60@2x.png */ = {isa = PBXFileReference; lastKnownFileType = image.png; name = "Icon-60@2x.png"; path = "appicon/Icon-60@2x.png"; sourceTree = SOURCE_ROOT; };
		EC2A3A341F898A9700BF7922 /* alpaca.wav */ = {isa = PBXFileReference; lastKnownFileType = audio.wav; name = alpaca.wav; path = media/alpaca.wav; sourceTree = SOURCE_ROOT; };
		EC2AB2B71F888FA700CDBC41 /* Peacock animals019.wav */ = {isa = PBXFileReference; lastKnownFileType = audio.wav; path = "Peacock animals019.wav"; sourceTree = "<group>"; };
		EC2AB2B81F888FA700CDBC41 /* Capuchin monkey animals075.wav */ = {isa = PBXFileReference; lastKnownFileType = audio.wav; path = "Capuchin monkey animals075.wav"; sourceTree = "<group>"; };
		EC2AB2B91F888FA700CDBC41 /* Seagulls animals133.wav */ = {isa = PBXFileReference; lastKnownFileType = audio.wav; path = "Seagulls animals133.wav"; sourceTree = "<group>"; };
		EC2AB2BA1F888FA800CDBC41 /* Gorilla growl animals028.wav */ = {isa = PBXFileReference; lastKnownFileType = audio.wav; path = "Gorilla growl animals028.wav"; sourceTree = "<group>"; };
		EC2AB2BB1F888FA800CDBC41 /* Sheep - ewe animals112.wav */ = {isa = PBXFileReference; lastKnownFileType = audio.wav; path = "Sheep - ewe animals112.wav"; sourceTree = "<group>"; };
		EC2AB2BC1F888FA800CDBC41 /* Lion roar animals031.wav */ = {isa = PBXFileReference; lastKnownFileType = audio.wav; path = "Lion roar animals031.wav"; sourceTree = "<group>"; };
		EC2AB2BD1F888FA800CDBC41 /* porcupine.mp3 */ = {isa = PBXFileReference; lastKnownFileType = audio.mp3; path = porcupine.mp3; sourceTree = "<group>"; };
		EC2AB2BE1F888FA800CDBC41 /* Bee buzzing animals131.wav */ = {isa = PBXFileReference; lastKnownFileType = audio.wav; path = "Bee buzzing animals131.wav"; sourceTree = "<group>"; };
		EC2AB2C01F888FA900CDBC41 /* Hawk animals083.wav */ = {isa = PBXFileReference; lastKnownFileType = audio.wav; path = "Hawk animals083.wav"; sourceTree = "<group>"; };
		EC2AB2C11F888FAA00CDBC41 /* Elephant-angry animals035.wav */ = {isa = PBXFileReference; lastKnownFileType = audio.wav; path = "Elephant-angry animals035.wav"; sourceTree = "<group>"; };
		EC2AB2C21F888FAA00CDBC41 /* Rhinoceros animals134.wav */ = {isa = PBXFileReference; lastKnownFileType = audio.wav; path = "Rhinoceros animals134.wav"; sourceTree = "<group>"; };
		EC2AB2C31F888FAA00CDBC41 /* Duck-quacking animals038.wav */ = {isa = PBXFileReference; lastKnownFileType = audio.wav; path = "Duck-quacking animals038.wav"; sourceTree = "<group>"; };
		EC2AB2C41F888FAA00CDBC41 /* Peacock animals018.wav */ = {isa = PBXFileReference; lastKnownFileType = audio.wav; path = "Peacock animals018.wav"; sourceTree = "<group>"; };
		EC2AB2C51F888FAB00CDBC41 /* lion-01.wav */ = {isa = PBXFileReference; lastKnownFileType = audio.wav; path = "lion-01.wav"; sourceTree = "<group>"; };
		EC2AB2C61F888FAB00CDBC41 /* Leopard growl animals089.wav */ = {isa = PBXFileReference; lastKnownFileType = audio.wav; path = "Leopard growl animals089.wav"; sourceTree = "<group>"; };
		EC2AB2C71F888FAC00CDBC41 /* Cat meow animals021.wav */ = {isa = PBXFileReference; lastKnownFileType = audio.wav; path = "Cat meow animals021.wav"; sourceTree = "<group>"; };
		EC2CF4A71F8AE48300DDAF83 /* NumbersViewController.swift */ = {isa = PBXFileReference; lastKnownFileType = sourcecode.swift; path = NumbersViewController.swift; sourceTree = "<group>"; };
		EC4C2FCC1F9C4601002EFAFC /* SpeechHelper.swift */ = {isa = PBXFileReference; lastKnownFileType = sourcecode.swift; path = SpeechHelper.swift; sourceTree = "<group>"; };
		EC5B77741F831517003CB235 /* AnimalSounds.app */ = {isa = PBXFileReference; explicitFileType = wrapper.application; includeInIndex = 0; path = AnimalSounds.app; sourceTree = BUILT_PRODUCTS_DIR; };
		EC5B77771F831517003CB235 /* AppDelegate.swift */ = {isa = PBXFileReference; lastKnownFileType = sourcecode.swift; path = AppDelegate.swift; sourceTree = "<group>"; };
		EC5B77791F831517003CB235 /* ViewController.swift */ = {isa = PBXFileReference; lastKnownFileType = sourcecode.swift; path = ViewController.swift; sourceTree = "<group>"; };
		EC5B777C1F831517003CB235 /* Base */ = {isa = PBXFileReference; lastKnownFileType = file.storyboard; name = Base; path = Base.lproj/Main.storyboard; sourceTree = "<group>"; };
		EC5B777E1F831517003CB235 /* Assets.xcassets */ = {isa = PBXFileReference; lastKnownFileType = folder.assetcatalog; path = Assets.xcassets; sourceTree = "<group>"; };
		EC5B77811F831517003CB235 /* Base */ = {isa = PBXFileReference; lastKnownFileType = file.storyboard; name = Base; path = Base.lproj/LaunchScreen.storyboard; sourceTree = "<group>"; };
		EC5B77831F831517003CB235 /* Info.plist */ = {isa = PBXFileReference; lastKnownFileType = text.plist.xml; path = Info.plist; sourceTree = "<group>"; };
		EC5B77891F831684003CB235 /* Gallery.swift */ = {isa = PBXFileReference; lastKnownFileType = sourcecode.swift; path = Gallery.swift; sourceTree = "<group>"; };
		EC709C131F9C50EC0044F611 /* strings.chinese.json */ = {isa = PBXFileReference; lastKnownFileType = text.json; path = strings.chinese.json; sourceTree = "<group>"; };
		EC71AC4A1FA5912000D8C2B6 /* microraptor.wav */ = {isa = PBXFileReference; lastKnownFileType = audio.wav; name = microraptor.wav; path = media/microraptor.wav; sourceTree = SOURCE_ROOT; };
		EC71AC4B1FA5912000D8C2B6 /* pachycephalosaurus.wav */ = {isa = PBXFileReference; lastKnownFileType = audio.wav; name = pachycephalosaurus.wav; path = media/pachycephalosaurus.wav; sourceTree = SOURCE_ROOT; };
		EC71AC4C1FA5912000D8C2B6 /* dilophosaurus.wav */ = {isa = PBXFileReference; lastKnownFileType = audio.wav; name = dilophosaurus.wav; path = media/dilophosaurus.wav; sourceTree = SOURCE_ROOT; };
		EC71AC4D1FA5912000D8C2B6 /* stegosaurus.wav */ = {isa = PBXFileReference; lastKnownFileType = audio.wav; name = stegosaurus.wav; path = media/stegosaurus.wav; sourceTree = SOURCE_ROOT; };
		EC71AC4E1FA5912000D8C2B6 /* torosaurus.wav */ = {isa = PBXFileReference; lastKnownFileType = audio.wav; name = torosaurus.wav; path = media/torosaurus.wav; sourceTree = SOURCE_ROOT; };
		EC7A21FA1F92E1DE0062E04E /* ShapesViewController.swift */ = {isa = PBXFileReference; lastKnownFileType = sourcecode.swift; path = ShapesViewController.swift; sourceTree = "<group>"; };
		EC7A21FC1F92E3A50062E04E /* shapes.json */ = {isa = PBXFileReference; lastKnownFileType = text.json; path = shapes.json; sourceTree = "<group>"; };
		EC7A21FE1F92E3D70062E04E /* DataItem.swift */ = {isa = PBXFileReference; lastKnownFileType = sourcecode.swift; path = DataItem.swift; sourceTree = "<group>"; };
		EC876F031F96DA470062F967 /* rabbit.wav */ = {isa = PBXFileReference; lastKnownFileType = audio.wav; name = rabbit.wav; path = media/rabbit.wav; sourceTree = SOURCE_ROOT; };
		EC876F041F96DA470062F967 /* squirrel.wav */ = {isa = PBXFileReference; lastKnownFileType = audio.wav; name = squirrel.wav; path = media/squirrel.wav; sourceTree = SOURCE_ROOT; };
		EC876F071F96E00F0062F967 /* frog.wav */ = {isa = PBXFileReference; lastKnownFileType = audio.wav; name = frog.wav; path = media/frog.wav; sourceTree = SOURCE_ROOT; };
		EC9639DD1F92654100B6204D /* brown-bear.wav */ = {isa = PBXFileReference; lastKnownFileType = audio.wav; path = "brown-bear.wav"; sourceTree = "<group>"; };
		ECA382BE1F8F1ACD00212BBA /* whale.wav */ = {isa = PBXFileReference; lastKnownFileType = audio.wav; name = whale.wav; path = media/whale.wav; sourceTree = SOURCE_ROOT; };
		ECA382C01F8F1ACD00212BBA /* zebra.wav */ = {isa = PBXFileReference; lastKnownFileType = audio.wav; name = zebra.wav; path = media/zebra.wav; sourceTree = SOURCE_ROOT; };
		ECA382C31F8F1ACD00212BBA /* hippo.wav */ = {isa = PBXFileReference; lastKnownFileType = audio.wav; name = hippo.wav; path = media/hippo.wav; sourceTree = SOURCE_ROOT; };
		ECA84D341F92EE6000803C67 /* Shape.swift */ = {isa = PBXFileReference; lastKnownFileType = sourcecode.swift; path = Shape.swift; sourceTree = "<group>"; };
		ECA9EE811F942D8200FAAE6C /* goat.wav */ = {isa = PBXFileReference; lastKnownFileType = audio.wav; name = goat.wav; path = media/goat.wav; sourceTree = SOURCE_ROOT; };
		ECA9EE851F94320800FAAE6C /* chipmunk.wav */ = {isa = PBXFileReference; lastKnownFileType = audio.wav; name = chipmunk.wav; path = media/chipmunk.wav; sourceTree = SOURCE_ROOT; };
		ECA9EE861F94320800FAAE6C /* giraffe.wav */ = {isa = PBXFileReference; lastKnownFileType = audio.wav; name = giraffe.wav; path = media/giraffe.wav; sourceTree = SOURCE_ROOT; };
		ECAD2F6F1FA03E9B005E7F27 /* LettersViewController.swift */ = {isa = PBXFileReference; lastKnownFileType = sourcecode.swift; path = LettersViewController.swift; sourceTree = "<group>"; };
		ECBAE23D1F892CC400D33CEF /* Horse whinny animals126.wav */ = {isa = PBXFileReference; lastKnownFileType = audio.wav; path = "Horse whinny animals126.wav"; sourceTree = "<group>"; };
		ECBAE23E1F892CC400D33CEF /* Crow caw animals063.wav */ = {isa = PBXFileReference; lastKnownFileType = audio.wav; path = "Crow caw animals063.wav"; sourceTree = "<group>"; };
		ECBAE23F1F892CC400D33CEF /* owl animals074.wav */ = {isa = PBXFileReference; lastKnownFileType = audio.wav; path = "owl animals074.wav"; sourceTree = "<group>"; };
		ECBAE2401F892CC400D33CEF /* Geese (Canadian)-flockanimals003.wav */ = {isa = PBXFileReference; lastKnownFileType = audio.wav; path = "Geese (Canadian)-flockanimals003.wav"; sourceTree = "<group>"; };
		ECBAE2411F892CC400D33CEF /* Dog animals080.wav */ = {isa = PBXFileReference; lastKnownFileType = audio.wav; path = "Dog animals080.wav"; sourceTree = "<group>"; };
		ECBAE2421F892CC400D33CEF /* Rattlesnake  animals077.wav */ = {isa = PBXFileReference; lastKnownFileType = audio.wav; path = "Rattlesnake  animals077.wav"; sourceTree = "<group>"; };
		ECBAE2431F892CC500D33CEF /* porcupine.wav */ = {isa = PBXFileReference; lastKnownFileType = audio.wav; path = porcupine.wav; sourceTree = "<group>"; };
		ECBAE2441F892CC500D33CEF /* Rooster animals070.wav */ = {isa = PBXFileReference; lastKnownFileType = audio.wav; path = "Rooster animals070.wav"; sourceTree = "<group>"; };
		ECBAE2451F892CC500D33CEF /* Pig squeal animals024.wav */ = {isa = PBXFileReference; lastKnownFileType = audio.wav; path = "Pig squeal animals024.wav"; sourceTree = "<group>"; };
		ECBAE2461F892CC500D33CEF /* Bird chirps animals140.wav */ = {isa = PBXFileReference; lastKnownFileType = audio.wav; path = "Bird chirps animals140.wav"; sourceTree = "<group>"; };
		ECBAE2471F892CC500D33CEF /* Cow animals055.wav */ = {isa = PBXFileReference; lastKnownFileType = audio.wav; path = "Cow animals055.wav"; sourceTree = "<group>"; };
		ECD59E771F9C48AB0066F1DD /* strings.danish.json */ = {isa = PBXFileReference; lastKnownFileType = text.json; path = strings.danish.json; sourceTree = "<group>"; };
		ECD59E791F9C49350066F1DD /* strings.spanish.json */ = {isa = PBXFileReference; lastKnownFileType = text.json; path = strings.spanish.json; sourceTree = "<group>"; };
		ECD59E7B1F9C4CFF0066F1DD /* strings.portuguese.json */ = {isa = PBXFileReference; lastKnownFileType = text.json; path = strings.portuguese.json; sourceTree = "<group>"; };
		ECD74E941F9068EB00E012A0 /* Settings.bundle */ = {isa = PBXFileReference; lastKnownFileType = "wrapper.plug-in"; path = Settings.bundle; sourceTree = "<group>"; };
		ECD74E961F906E7500E012A0 /* SettingsBundleHelper.swift */ = {isa = PBXFileReference; lastKnownFileType = sourcecode.swift; path = SettingsBundleHelper.swift; sourceTree = "<group>"; };
		ECEBB67A1F9D9BC900CBDD06 /* IndexController.swift */ = {isa = PBXFileReference; lastKnownFileType = sourcecode.swift; path = IndexController.swift; sourceTree = "<group>"; };
		ECEBB67C1F9DA52E00CBDD06 /* AppHelper.swift */ = {isa = PBXFileReference; lastKnownFileType = sourcecode.swift; path = AppHelper.swift; sourceTree = "<group>"; };
		ECFA4A841F99B48000165FDC /* chimp.wav */ = {isa = PBXFileReference; lastKnownFileType = audio.wav; name = chimp.wav; path = media/chimp.wav; sourceTree = SOURCE_ROOT; };
		ECFA4A851F99B48000165FDC /* penguin.wav */ = {isa = PBXFileReference; lastKnownFileType = audio.wav; name = penguin.wav; path = media/penguin.wav; sourceTree = SOURCE_ROOT; };
		ECFA4A861F99B48000165FDC /* tiger.wav */ = {isa = PBXFileReference; lastKnownFileType = audio.wav; name = tiger.wav; path = media/tiger.wav; sourceTree = SOURCE_ROOT; };
		ECFA4A871F99B48000165FDC /* chicken.wav */ = {isa = PBXFileReference; lastKnownFileType = audio.wav; name = chicken.wav; path = media/chicken.wav; sourceTree = SOURCE_ROOT; };
		ECFD31AB1FA4EF5900C6618C /* DinoViewController.swift */ = {isa = PBXFileReference; lastKnownFileType = sourcecode.swift; path = DinoViewController.swift; sourceTree = "<group>"; };
		ECFD31AD1FA5254F00C6618C /* dino.json */ = {isa = PBXFileReference; lastKnownFileType = text.json; path = dino.json; sourceTree = "<group>"; };
		ECFD31AF1FA5284300C6618C /* notes.txt */ = {isa = PBXFileReference; lastKnownFileType = text; path = notes.txt; sourceTree = "<group>"; };
/* End PBXFileReference section */

/* Begin PBXFrameworksBuildPhase section */
		EC5B77711F831517003CB235 /* Frameworks */ = {
			isa = PBXFrameworksBuildPhase;
			buildActionMask = 2147483647;
			files = (
			);
			runOnlyForDeploymentPostprocessing = 0;
		};
/* End PBXFrameworksBuildPhase section */

/* Begin PBXGroup section */
		EC2AB2B61F888F9000CDBC41 /* media */ = {
			isa = PBXGroup;
			children = (
				EC71AC4C1FA5912000D8C2B6 /* dilophosaurus.wav */,
				EC71AC4A1FA5912000D8C2B6 /* microraptor.wav */,
				EC71AC4B1FA5912000D8C2B6 /* pachycephalosaurus.wav */,
				EC71AC4D1FA5912000D8C2B6 /* stegosaurus.wav */,
				EC71AC4E1FA5912000D8C2B6 /* torosaurus.wav */,
				EC0BE6D11FA57E6A00D99044 /* allosaurus.wav */,
				EC0BE6CE1FA57E6900D99044 /* brachiosaurus.wav */,
				EC0BE6CF1FA57E6A00D99044 /* brontosaurus.wav */,
				EC0BE6CB1FA57E6900D99044 /* megalosaurus.wav */,
				EC0BE6CD1FA57E6900D99044 /* triceratops.wav */,
				EC0BE6CC1FA57E6900D99044 /* tyrannosaurus.wav */,
				EC0BE6D01FA57E6A00D99044 /* velociraptor.wav */,
				EC9639DD1F92654100B6204D /* brown-bear.wav */,
				EC0632B71F986EEF007F2AAB /* hyena.wav */,
				ECFA4A871F99B48000165FDC /* chicken.wav */,
				ECFA4A841F99B48000165FDC /* chimp.wav */,
				ECFA4A851F99B48000165FDC /* penguin.wav */,
				ECFA4A861F99B48000165FDC /* tiger.wav */,
				EC0632B11F98698B007F2AAB /* mouse.wav */,
				EC0632B51F986D50007F2AAB /* donkey.wav */,
				EC0632B91F98701B007F2AAB /* pelican.wav */,
				ECA9EE811F942D8200FAAE6C /* goat.wav */,
				EC0632B31F986C50007F2AAB /* alligator.wav */,
				ECA382C31F8F1ACD00212BBA /* hippo.wav */,
				EC876F071F96E00F0062F967 /* frog.wav */,
				ECA382BE1F8F1ACD00212BBA /* whale.wav */,
				EC876F031F96DA470062F967 /* rabbit.wav */,
				EC876F041F96DA470062F967 /* squirrel.wav */,
				ECA382C01F8F1ACD00212BBA /* zebra.wav */,
				EC2747961F89DC1A004E63A7 /* Icon-60@2x.png */,
				ECA9EE851F94320800FAAE6C /* chipmunk.wav */,
				ECA9EE861F94320800FAAE6C /* giraffe.wav */,
				EC2A3A341F898A9700BF7922 /* alpaca.wav */,
				ECBAE2461F892CC500D33CEF /* Bird chirps animals140.wav */,
				ECBAE2471F892CC500D33CEF /* Cow animals055.wav */,
				ECBAE23E1F892CC400D33CEF /* Crow caw animals063.wav */,
				ECBAE2411F892CC400D33CEF /* Dog animals080.wav */,
				ECBAE2401F892CC400D33CEF /* Geese (Canadian)-flockanimals003.wav */,
				ECBAE23D1F892CC400D33CEF /* Horse whinny animals126.wav */,
				ECBAE23F1F892CC400D33CEF /* owl animals074.wav */,
				ECBAE2451F892CC500D33CEF /* Pig squeal animals024.wav */,
				ECBAE2431F892CC500D33CEF /* porcupine.wav */,
				ECBAE2421F892CC400D33CEF /* Rattlesnake  animals077.wav */,
				ECBAE2441F892CC500D33CEF /* Rooster animals070.wav */,
				EC2AB2BE1F888FA800CDBC41 /* Bee buzzing animals131.wav */,
				EC2AB2B81F888FA700CDBC41 /* Capuchin monkey animals075.wav */,
				EC2AB2C71F888FAC00CDBC41 /* Cat meow animals021.wav */,
				EC2AB2C31F888FAA00CDBC41 /* Duck-quacking animals038.wav */,
				EC2AB2C11F888FAA00CDBC41 /* Elephant-angry animals035.wav */,
				EC2AB2BA1F888FA800CDBC41 /* Gorilla growl animals028.wav */,
				EC2AB2C01F888FA900CDBC41 /* Hawk animals083.wav */,
				EC2AB2C61F888FAB00CDBC41 /* Leopard growl animals089.wav */,
				EC2AB2BC1F888FA800CDBC41 /* Lion roar animals031.wav */,
				EC2AB2C41F888FAA00CDBC41 /* Peacock animals018.wav */,
				EC2AB2B71F888FA700CDBC41 /* Peacock animals019.wav */,
				EC2AB2BD1F888FA800CDBC41 /* porcupine.mp3 */,
				EC2AB2C21F888FAA00CDBC41 /* Rhinoceros animals134.wav */,
				EC2AB2B91F888FA700CDBC41 /* Seagulls animals133.wav */,
				EC2AB2BB1F888FA800CDBC41 /* Sheep - ewe animals112.wav */,
				EC2AB2C51F888FAB00CDBC41 /* lion-01.wav */,
			);
			path = media;
			sourceTree = "<group>";
		};
		EC5B776B1F831517003CB235 = {
			isa = PBXGroup;
			children = (
				EC5B77761F831517003CB235 /* AnimalSounds */,
				EC5B77751F831517003CB235 /* Products */,
			);
			sourceTree = "<group>";
		};
		EC5B77751F831517003CB235 /* Products */ = {
			isa = PBXGroup;
			children = (
				EC5B77741F831517003CB235 /* AnimalSounds.app */,
			);
			name = Products;
			sourceTree = "<group>";
		};
		EC5B77761F831517003CB235 /* AnimalSounds */ = {
			isa = PBXGroup;
			children = (
				EC2AB2B61F888F9000CDBC41 /* media */,
				EC5B77771F831517003CB235 /* AppDelegate.swift */,
				EC709C131F9C50EC0044F611 /* strings.chinese.json */,
				EC225A891F9172EB00AD0393 /* strings.hindi.json */,
				ECD59E771F9C48AB0066F1DD /* strings.danish.json */,
				ECD59E7B1F9C4CFF0066F1DD /* strings.portuguese.json */,
				ECD59E791F9C49350066F1DD /* strings.spanish.json */,
				EC5B77791F831517003CB235 /* ViewController.swift */,
				EC5B777B1F831517003CB235 /* Main.storyboard */,
				EC5B777E1F831517003CB235 /* Assets.xcassets */,
				EC5B77801F831517003CB235 /* LaunchScreen.storyboard */,
				EC7A21FC1F92E3A50062E04E /* shapes.json */,
				EC072B0E1F834FF200CDF5F0 /* animals.json */,
				ECFD31AD1FA5254F00C6618C /* dino.json */,
				EC5B77831F831517003CB235 /* Info.plist */,
				EC5B77891F831684003CB235 /* Gallery.swift */,
				EC072B0C1F832BEB00CDF5F0 /* items.plist */,
				ECAD2F6F1FA03E9B005E7F27 /* LettersViewController.swift */,
				EC2CF4A71F8AE48300DDAF83 /* NumbersViewController.swift */,
				EC249E921F8DBE9200FCB306 /* TouchDownGestureRecognizer.swift */,
				ECD74E941F9068EB00E012A0 /* Settings.bundle */,
				ECD74E961F906E7500E012A0 /* SettingsBundleHelper.swift */,
				EC7A21FA1F92E1DE0062E04E /* ShapesViewController.swift */,
				EC7A21FE1F92E3D70062E04E /* DataItem.swift */,
				ECA84D341F92EE6000803C67 /* Shape.swift */,
				EC4C2FCC1F9C4601002EFAFC /* SpeechHelper.swift */,
				ECEBB67A1F9D9BC900CBDD06 /* IndexController.swift */,
				ECEBB67C1F9DA52E00CBDD06 /* AppHelper.swift */,
				ECFD31AB1FA4EF5900C6618C /* DinoViewController.swift */,
				ECFD31AF1FA5284300C6618C /* notes.txt */,
			);
			path = AnimalSounds;
			sourceTree = "<group>";
		};
/* End PBXGroup section */

/* Begin PBXNativeTarget section */
		EC5B77731F831517003CB235 /* AnimalSounds */ = {
			isa = PBXNativeTarget;
			buildConfigurationList = EC5B77861F831517003CB235 /* Build configuration list for PBXNativeTarget "AnimalSounds" */;
			buildPhases = (
				EC5B77701F831517003CB235 /* Sources */,
				EC5B77711F831517003CB235 /* Frameworks */,
				EC5B77721F831517003CB235 /* Resources */,
			);
			buildRules = (
			);
			dependencies = (
			);
			name = AnimalSounds;
			productName = AnimalSounds;
			productReference = EC5B77741F831517003CB235 /* AnimalSounds.app */;
			productType = "com.apple.product-type.application";
		};
/* End PBXNativeTarget section */

/* Begin PBXProject section */
		EC5B776C1F831517003CB235 /* Project object */ = {
			isa = PBXProject;
			attributes = {
				LastSwiftUpdateCheck = 0900;
				LastUpgradeCheck = 0900;
				ORGANIZATIONNAME = "Sayed Ibrahim Hashimi";
				TargetAttributes = {
					EC5B77731F831517003CB235 = {
						CreatedOnToolsVersion = 9.0;
						LastSwiftMigration = 0900;
						ProvisioningStyle = Automatic;
					};
				};
			};
			buildConfigurationList = EC5B776F1F831517003CB235 /* Build configuration list for PBXProject "AnimalSounds" */;
			compatibilityVersion = "Xcode 8.0";
			developmentRegion = en;
			hasScannedForEncodings = 0;
			knownRegions = (
				en,
				Base,
			);
			mainGroup = EC5B776B1F831517003CB235;
			productRefGroup = EC5B77751F831517003CB235 /* Products */;
			projectDirPath = "";
			projectRoot = "";
			targets = (
				EC5B77731F831517003CB235 /* AnimalSounds */,
			);
		};
/* End PBXProject section */

/* Begin PBXResourcesBuildPhase section */
		EC5B77721F831517003CB235 /* Resources */ = {
			isa = PBXResourcesBuildPhase;
			buildActionMask = 2147483647;
			files = (
				EC709C141F9C51510044F611 /* strings.chinese.json in Resources */,
				EC0BE6D81FA57E6A00D99044 /* allosaurus.wav in Resources */,
				EC0BE6D71FA57E6A00D99044 /* velociraptor.wav in Resources */,
				ECD59E7C1F9C4D060066F1DD /* strings.portuguese.json in Resources */,
				ECD59E7A1F9C493E0066F1DD /* strings.spanish.json in Resources */,
				ECD59E781F9C48B50066F1DD /* strings.danish.json in Resources */,
				ECFA4A881F99B48D00165FDC /* chicken.wav in Resources */,
				ECFA4A891F99B48D00165FDC /* chimp.wav in Resources */,
				ECFA4A8A1F99B48D00165FDC /* penguin.wav in Resources */,
				ECFA4A8B1F99B48D00165FDC /* tiger.wav in Resources */,
				EC0632BA1F98703C007F2AAB /* pelican.wav in Resources */,
				EC0632B81F986F29007F2AAB /* hyena.wav in Resources */,
				EC0632B61F986D57007F2AAB /* donkey.wav in Resources */,
				EC0BE6D31FA57E6A00D99044 /* tyrannosaurus.wav in Resources */,
				EC0632B41F986C57007F2AAB /* alligator.wav in Resources */,
				EC0632B21F986995007F2AAB /* mouse.wav in Resources */,
				EC876F081F96E01F0062F967 /* frog.wav in Resources */,
				EC876F051F96DAFD0062F967 /* rabbit.wav in Resources */,
				EC876F061F96DAFD0062F967 /* squirrel.wav in Resources */,
				ECA9EE881F94326A00FAAE6C /* chipmunk.wav in Resources */,
				ECA9EE891F94326A00FAAE6C /* giraffe.wav in Resources */,
				EC71AC4F1FA5912000D8C2B6 /* microraptor.wav in Resources */,
				ECA9EE821F942E0A00FAAE6C /* goat.wav in Resources */,
				EC7A21FD1F92E3AC0062E04E /* shapes.json in Resources */,
				EC9639DE1F92654900B6204D /* brown-bear.wav in Resources */,
				EC225A8A1F91730300AD0393 /* strings.hindi.json in Resources */,
				ECFD31B01FA5284300C6618C /* notes.txt in Resources */,
				ECD74E951F9068EB00E012A0 /* Settings.bundle in Resources */,
				ECA382C51F8F1AE000212BBA /* hippo.wav in Resources */,
				ECA382C71F8F1AE000212BBA /* whale.wav in Resources */,
				ECA382C91F8F1AE000212BBA /* zebra.wav in Resources */,
				EC2A3A351F898AA700BF7922 /* alpaca.wav in Resources */,
				EC71AC521FA5912000D8C2B6 /* stegosaurus.wav in Resources */,
				ECBAE2481F892CEC00D33CEF /* Bird chirps animals140.wav in Resources */,
				ECBAE2491F892CEC00D33CEF /* Cow animals055.wav in Resources */,
				ECBAE24A1F892CEC00D33CEF /* Crow caw animals063.wav in Resources */,
				ECBAE24B1F892CEC00D33CEF /* Dog animals080.wav in Resources */,
				ECBAE24C1F892CEC00D33CEF /* Geese (Canadian)-flockanimals003.wav in Resources */,
				EC71AC511FA5912000D8C2B6 /* dilophosaurus.wav in Resources */,
				ECBAE24D1F892CEC00D33CEF /* Horse whinny animals126.wav in Resources */,
				EC71AC531FA5912000D8C2B6 /* torosaurus.wav in Resources */,
				EC0BE6D21FA57E6A00D99044 /* megalosaurus.wav in Resources */,
				ECBAE24E1F892CEC00D33CEF /* owl animals074.wav in Resources */,
				ECBAE24F1F892CEC00D33CEF /* Pig squeal animals024.wav in Resources */,
				ECBAE2501F892CEC00D33CEF /* porcupine.wav in Resources */,
				ECBAE2511F892CEC00D33CEF /* Rattlesnake  animals077.wav in Resources */,
				ECBAE2521F892CEC00D33CEF /* Rooster animals070.wav in Resources */,
				EC71AC501FA5912000D8C2B6 /* pachycephalosaurus.wav in Resources */,
				EC0BE6D51FA57E6A00D99044 /* brachiosaurus.wav in Resources */,
				EC2AB2C81F8893A400CDBC41 /* Bee buzzing animals131.wav in Resources */,
				EC2AB2C91F8893A400CDBC41 /* Capuchin monkey animals075.wav in Resources */,
				EC2AB2CA1F8893A400CDBC41 /* Cat meow animals021.wav in Resources */,
				EC2AB2CB1F8893A400CDBC41 /* Duck-quacking animals038.wav in Resources */,
				EC2AB2CC1F8893A400CDBC41 /* Elephant-angry animals035.wav in Resources */,
				ECFD31AE1FA5254F00C6618C /* dino.json in Resources */,
				EC2AB2CD1F8893A400CDBC41 /* Gorilla growl animals028.wav in Resources */,
				EC2AB2CE1F8893A400CDBC41 /* Hawk animals083.wav in Resources */,
				EC2AB2CF1F8893A400CDBC41 /* Leopard growl animals089.wav in Resources */,
				EC0BE6D61FA57E6A00D99044 /* brontosaurus.wav in Resources */,
				EC2AB2D01F8893A400CDBC41 /* Lion roar animals031.wav in Resources */,
				EC2AB2D11F8893A400CDBC41 /* Peacock animals018.wav in Resources */,
				EC2AB2D21F8893A400CDBC41 /* Peacock animals019.wav in Resources */,
				EC2AB2D31F8893A400CDBC41 /* porcupine.mp3 in Resources */,
				EC2AB2D41F8893A400CDBC41 /* Rhinoceros animals134.wav in Resources */,
				EC2AB2D51F8893A400CDBC41 /* Seagulls animals133.wav in Resources */,
				EC2AB2D61F8893A400CDBC41 /* Sheep - ewe animals112.wav in Resources */,
				EC2AB2D81F8893A400CDBC41 /* lion-01.wav in Resources */,
				EC072B0F1F834FF200CDF5F0 /* animals.json in Resources */,
				EC0BE6D41FA57E6A00D99044 /* triceratops.wav in Resources */,
				EC5B77821F831517003CB235 /* LaunchScreen.storyboard in Resources */,
				EC5B777F1F831517003CB235 /* Assets.xcassets in Resources */,
				EC5B777D1F831517003CB235 /* Main.storyboard in Resources */,
				EC072B0D1F832BEB00CDF5F0 /* items.plist in Resources */,
			);
			runOnlyForDeploymentPostprocessing = 0;
		};
/* End PBXResourcesBuildPhase section */

/* Begin PBXSourcesBuildPhase section */
		EC5B77701F831517003CB235 /* Sources */ = {
			isa = PBXSourcesBuildPhase;
			buildActionMask = 2147483647;
			files = (
				EC249E931F8DBE9200FCB306 /* TouchDownGestureRecognizer.swift in Sources */,
				EC5B777A1F831517003CB235 /* ViewController.swift in Sources */,
				EC7A21FF1F92E3D70062E04E /* DataItem.swift in Sources */,
				EC2CF4A81F8AE48300DDAF83 /* NumbersViewController.swift in Sources */,
				ECFD31AC1FA4EF5900C6618C /* DinoViewController.swift in Sources */,
				ECA84D351F92EE6000803C67 /* Shape.swift in Sources */,
				EC5B778A1F831684003CB235 /* Gallery.swift in Sources */,
				ECD74E971F906E7500E012A0 /* SettingsBundleHelper.swift in Sources */,
				ECEBB67D1F9DA52E00CBDD06 /* AppHelper.swift in Sources */,
				EC5B77781F831517003CB235 /* AppDelegate.swift in Sources */,
				ECAD2F701FA03E9B005E7F27 /* LettersViewController.swift in Sources */,
				ECEBB67B1F9D9BC900CBDD06 /* IndexController.swift in Sources */,
				EC7A21FB1F92E1DE0062E04E /* ShapesViewController.swift in Sources */,
				EC4C2FCD1F9C4601002EFAFC /* SpeechHelper.swift in Sources */,
			);
			runOnlyForDeploymentPostprocessing = 0;
		};
/* End PBXSourcesBuildPhase section */

/* Begin PBXVariantGroup section */
		EC5B777B1F831517003CB235 /* Main.storyboard */ = {
			isa = PBXVariantGroup;
			children = (
				EC5B777C1F831517003CB235 /* Base */,
			);
			name = Main.storyboard;
			sourceTree = "<group>";
		};
		EC5B77801F831517003CB235 /* LaunchScreen.storyboard */ = {
			isa = PBXVariantGroup;
			children = (
				EC5B77811F831517003CB235 /* Base */,
			);
			name = LaunchScreen.storyboard;
			sourceTree = "<group>";
		};
/* End PBXVariantGroup section */

/* Begin XCBuildConfiguration section */
		EC5B77841F831517003CB235 /* Debug */ = {
			isa = XCBuildConfiguration;
			buildSettings = {
				ALWAYS_SEARCH_USER_PATHS = NO;
				CLANG_ANALYZER_NONNULL = YES;
				CLANG_ANALYZER_NUMBER_OBJECT_CONVERSION = YES_AGGRESSIVE;
				CLANG_CXX_LANGUAGE_STANDARD = "gnu++14";
				CLANG_CXX_LIBRARY = "libc++";
				CLANG_ENABLE_MODULES = YES;
				CLANG_ENABLE_OBJC_ARC = YES;
				CLANG_WARN_BLOCK_CAPTURE_AUTORELEASING = YES;
				CLANG_WARN_BOOL_CONVERSION = YES;
				CLANG_WARN_COMMA = YES;
				CLANG_WARN_CONSTANT_CONVERSION = YES;
				CLANG_WARN_DIRECT_OBJC_ISA_USAGE = YES_ERROR;
				CLANG_WARN_DOCUMENTATION_COMMENTS = YES;
				CLANG_WARN_EMPTY_BODY = YES;
				CLANG_WARN_ENUM_CONVERSION = YES;
				CLANG_WARN_INFINITE_RECURSION = YES;
				CLANG_WARN_INT_CONVERSION = YES;
				CLANG_WARN_NON_LITERAL_NULL_CONVERSION = YES;
				CLANG_WARN_OBJC_LITERAL_CONVERSION = YES;
				CLANG_WARN_OBJC_ROOT_CLASS = YES_ERROR;
				CLANG_WARN_RANGE_LOOP_ANALYSIS = YES;
				CLANG_WARN_STRICT_PROTOTYPES = YES;
				CLANG_WARN_SUSPICIOUS_MOVE = YES;
				CLANG_WARN_UNGUARDED_AVAILABILITY = YES_AGGRESSIVE;
				CLANG_WARN_UNREACHABLE_CODE = YES;
				CLANG_WARN__DUPLICATE_METHOD_MATCH = YES;
				CODE_SIGN_IDENTITY = "iPhone Developer";
				COPY_PHASE_STRIP = NO;
				DEBUG_INFORMATION_FORMAT = dwarf;
				ENABLE_STRICT_OBJC_MSGSEND = YES;
				ENABLE_TESTABILITY = YES;
				GCC_C_LANGUAGE_STANDARD = gnu11;
				GCC_DYNAMIC_NO_PIC = NO;
				GCC_NO_COMMON_BLOCKS = YES;
				GCC_OPTIMIZATION_LEVEL = 0;
				GCC_PREPROCESSOR_DEFINITIONS = (
					"DEBUG=1",
					"$(inherited)",
				);
				GCC_WARN_64_TO_32_BIT_CONVERSION = YES;
				GCC_WARN_ABOUT_RETURN_TYPE = YES_ERROR;
				GCC_WARN_UNDECLARED_SELECTOR = YES;
				GCC_WARN_UNINITIALIZED_AUTOS = YES_AGGRESSIVE;
				GCC_WARN_UNUSED_FUNCTION = YES;
				GCC_WARN_UNUSED_VARIABLE = YES;
				IPHONEOS_DEPLOYMENT_TARGET = 11.0;
				MTL_ENABLE_DEBUG_INFO = YES;
				ONLY_ACTIVE_ARCH = YES;
				SDKROOT = iphoneos;
				SWIFT_ACTIVE_COMPILATION_CONDITIONS = DEBUG;
				SWIFT_OPTIMIZATION_LEVEL = "-Onone";
			};
			name = Debug;
		};
		EC5B77851F831517003CB235 /* Release */ = {
			isa = XCBuildConfiguration;
			buildSettings = {
				ALWAYS_SEARCH_USER_PATHS = NO;
				CLANG_ANALYZER_NONNULL = YES;
				CLANG_ANALYZER_NUMBER_OBJECT_CONVERSION = YES_AGGRESSIVE;
				CLANG_CXX_LANGUAGE_STANDARD = "gnu++14";
				CLANG_CXX_LIBRARY = "libc++";
				CLANG_ENABLE_MODULES = YES;
				CLANG_ENABLE_OBJC_ARC = YES;
				CLANG_WARN_BLOCK_CAPTURE_AUTORELEASING = YES;
				CLANG_WARN_BOOL_CONVERSION = YES;
				CLANG_WARN_COMMA = YES;
				CLANG_WARN_CONSTANT_CONVERSION = YES;
				CLANG_WARN_DIRECT_OBJC_ISA_USAGE = YES_ERROR;
				CLANG_WARN_DOCUMENTATION_COMMENTS = YES;
				CLANG_WARN_EMPTY_BODY = YES;
				CLANG_WARN_ENUM_CONVERSION = YES;
				CLANG_WARN_INFINITE_RECURSION = YES;
				CLANG_WARN_INT_CONVERSION = YES;
				CLANG_WARN_NON_LITERAL_NULL_CONVERSION = YES;
				CLANG_WARN_OBJC_LITERAL_CONVERSION = YES;
				CLANG_WARN_OBJC_ROOT_CLASS = YES_ERROR;
				CLANG_WARN_RANGE_LOOP_ANALYSIS = YES;
				CLANG_WARN_STRICT_PROTOTYPES = YES;
				CLANG_WARN_SUSPICIOUS_MOVE = YES;
				CLANG_WARN_UNGUARDED_AVAILABILITY = YES_AGGRESSIVE;
				CLANG_WARN_UNREACHABLE_CODE = YES;
				CLANG_WARN__DUPLICATE_METHOD_MATCH = YES;
				CODE_SIGN_IDENTITY = "iPhone Developer";
				COPY_PHASE_STRIP = NO;
				DEBUG_INFORMATION_FORMAT = "dwarf-with-dsym";
				ENABLE_NS_ASSERTIONS = NO;
				ENABLE_STRICT_OBJC_MSGSEND = YES;
				GCC_C_LANGUAGE_STANDARD = gnu11;
				GCC_NO_COMMON_BLOCKS = YES;
				GCC_WARN_64_TO_32_BIT_CONVERSION = YES;
				GCC_WARN_ABOUT_RETURN_TYPE = YES_ERROR;
				GCC_WARN_UNDECLARED_SELECTOR = YES;
				GCC_WARN_UNINITIALIZED_AUTOS = YES_AGGRESSIVE;
				GCC_WARN_UNUSED_FUNCTION = YES;
				GCC_WARN_UNUSED_VARIABLE = YES;
				IPHONEOS_DEPLOYMENT_TARGET = 11.0;
				MTL_ENABLE_DEBUG_INFO = NO;
				SDKROOT = iphoneos;
				SWIFT_OPTIMIZATION_LEVEL = "-Owholemodule";
				VALIDATE_PRODUCT = YES;
			};
			name = Release;
		};
		EC5B77871F831517003CB235 /* Debug */ = {
			isa = XCBuildConfiguration;
			buildSettings = {
				ASSETCATALOG_COMPILER_APPICON_NAME = AppIcon;
				CLANG_ENABLE_MODULES = YES;
				CODE_SIGN_STYLE = Automatic;
				DEVELOPMENT_TEAM = PR8K4P4LEF;
				INFOPLIST_FILE = AnimalSounds/Info.plist;
				IPHONEOS_DEPLOYMENT_TARGET = 10.3;
				LD_RUNPATH_SEARCH_PATHS = "$(inherited) @executable_path/Frameworks";
				PRODUCT_BUNDLE_IDENTIFIER = com.sayedha.sonyaapp;
				PRODUCT_NAME = "$(TARGET_NAME)";
				SWIFT_OPTIMIZATION_LEVEL = "-Onone";
				SWIFT_VERSION = 4.0;
				TARGETED_DEVICE_FAMILY = "1,2";
			};
			name = Debug;
		};
		EC5B77881F831517003CB235 /* Release */ = {
			isa = XCBuildConfiguration;
			buildSettings = {
				ASSETCATALOG_COMPILER_APPICON_NAME = AppIcon;
				CLANG_ENABLE_MODULES = YES;
				CODE_SIGN_STYLE = Automatic;
				DEVELOPMENT_TEAM = PR8K4P4LEF;
				INFOPLIST_FILE = AnimalSounds/Info.plist;
				IPHONEOS_DEPLOYMENT_TARGET = 10.3;
				LD_RUNPATH_SEARCH_PATHS = "$(inherited) @executable_path/Frameworks";
				PRODUCT_BUNDLE_IDENTIFIER = com.sayedha.sonyaapp;
				PRODUCT_NAME = "$(TARGET_NAME)";
				SWIFT_VERSION = 4.0;
				TARGETED_DEVICE_FAMILY = "1,2";
			};
			name = Release;
		};
/* End XCBuildConfiguration section */

/* Begin XCConfigurationList section */
		EC5B776F1F831517003CB235 /* Build configuration list for PBXProject "AnimalSounds" */ = {
			isa = XCConfigurationList;
			buildConfigurations = (
				EC5B77841F831517003CB235 /* Debug */,
				EC5B77851F831517003CB235 /* Release */,
			);
			defaultConfigurationIsVisible = 0;
			defaultConfigurationName = Release;
		};
		EC5B77861F831517003CB235 /* Build configuration list for PBXNativeTarget "AnimalSounds" */ = {
			isa = XCConfigurationList;
			buildConfigurations = (
				EC5B77871F831517003CB235 /* Debug */,
				EC5B77881F831517003CB235 /* Release */,
			);
			defaultConfigurationIsVisible = 0;
			defaultConfigurationName = Release;
		};
/* End XCConfigurationList section */
	};
	rootObject = EC5B776C1F831517003CB235 /* Project object */;
}
